
Microsoft Visual Studio Solution File, Format Version 12.00
# Visual Studio Version 17
VisualStudioVersion = 17.1.32421.90
MinimumVisualStudioVersion = 10.0.40219.1
Project("{FAE04EC0-301F-11D3-BF4B-00C04F79EFBC}") = "ExtentionExamples", "ExtentionExamples\ExtentionExamples.csproj", "{9F7B0B1E-160A-4108-AF00-B28F425BACA7}"
EndProject
Global
	GlobalSection(SolutionConfigurationPlatforms) = preSolution
		Debug|Any CPU = Debug|Any CPU
		Release|Any CPU = Release|Any CPU
	EndGlobalSection
	GlobalSection(ProjectConfigurationPlatforms) = postSolution
		{9F7B0B1E-160A-4108-AF00-B28F425BACA7}.Debug|Any CPU.ActiveCfg = Debug|Any CPU
		{9F7B0B1E-160A-4108-AF00-B28F425BACA7}.Debug|Any CPU.Build.0 = Debug|Any CPU
		{9F7B0B1E-160A-4108-AF00-B28F425BACA7}.Release|Any CPU.ActiveCfg = Release|Any CPU
		{9F7B0B1E-160A-4108-AF00-B28F425BACA7}.Release|Any CPU.Build.0 = Release|Any CPU
	EndGlobalSection
	GlobalSection(SolutionProperties) = preSolution
		HideSolutionNode = FALSE
	EndGlobalSection
	GlobalSection(ExtensibilityGlobals) = postSolution
		SolutionGuid = {47301E9E-A3AA-4BF6-932F-2DB6F025A799}
	EndGlobalSection
EndGlobal
